
Microsoft Visual Studio Solution File, Format Version 12.00
# Visual Studio Version 17
VisualStudioVersion = 17.0.31919.166
MinimumVisualStudioVersion = 10.0.40219.1
Project("{9A19103F-16F7-4668-BE54-9A1E7A4F7556}") = "buycoins_test", "buycoins_test\buycoins_test.csproj", "{24424A1F-9E30-418D-BB58-C9B08E2F419D}"
EndProject
Project("{FAE04EC0-301F-11D3-BF4B-00C04F79EFBC}") = "buycoins_test.Tests", "buycoins_test.Tests\buycoins_test.Tests.csproj", "{0731B6C0-7ECA-41C3-B44F-EC46C5E003F7}"
EndProject
Global
	GlobalSection(SolutionConfigurationPlatforms) = preSolution
		Debug|Any CPU = Debug|Any CPU
		Release|Any CPU = Release|Any CPU
	EndGlobalSection
	GlobalSection(ProjectConfigurationPlatforms) = postSolution
		{24424A1F-9E30-418D-BB58-C9B08E2F419D}.Debug|Any CPU.ActiveCfg = Debug|Any CPU
		{24424A1F-9E30-418D-BB58-C9B08E2F419D}.Debug|Any CPU.Build.0 = Debug|Any CPU
		{24424A1F-9E30-418D-BB58-C9B08E2F419D}.Release|Any CPU.ActiveCfg = Release|Any CPU
		{24424A1F-9E30-418D-BB58-C9B08E2F419D}.Release|Any CPU.Build.0 = Release|Any CPU
		{0731B6C0-7ECA-41C3-B44F-EC46C5E003F7}.Debug|Any CPU.ActiveCfg = Debug|Any CPU
		{0731B6C0-7ECA-41C3-B44F-EC46C5E003F7}.Debug|Any CPU.Build.0 = Debug|Any CPU
		{0731B6C0-7ECA-41C3-B44F-EC46C5E003F7}.Release|Any CPU.ActiveCfg = Release|Any CPU
		{0731B6C0-7ECA-41C3-B44F-EC46C5E003F7}.Release|Any CPU.Build.0 = Release|Any CPU
	EndGlobalSection
	GlobalSection(SolutionProperties) = preSolution
		HideSolutionNode = FALSE
	EndGlobalSection
	GlobalSection(ExtensibilityGlobals) = postSolution
		SolutionGuid = {836E299C-49A6-4497-A197-92B927EBC91D}
	EndGlobalSection
EndGlobal
